
Microsoft Visual Studio Solution File, Format Version 12.00
# Visual Studio 15
VisualStudioVersion = 15.0.27004.2002
MinimumVisualStudioVersion = 10.0.40219.1
Project("{FAE04EC0-301F-11D3-BF4B-00C04F79EFBC}") = "IoC", "IoC\IoC.csproj", "{F4C44236-EFE1-49AE-9E95-B894EB0FBEE2}"
EndProject
Project("{FAE04EC0-301F-11D3-BF4B-00C04F79EFBC}") = "IoCTests", "IoCTests\IoCTests.csproj", "{3FEF720E-4A9A-4DF1-85E1-A9957F157A15}"
EndProject
Global
	GlobalSection(SolutionConfigurationPlatforms) = preSolution
		Debug|Any CPU = Debug|Any CPU
		Release|Any CPU = Release|Any CPU
	EndGlobalSection
	GlobalSection(ProjectConfigurationPlatforms) = postSolution
		{F4C44236-EFE1-49AE-9E95-B894EB0FBEE2}.Debug|Any CPU.ActiveCfg = Debug|Any CPU
		{F4C44236-EFE1-49AE-9E95-B894EB0FBEE2}.Debug|Any CPU.Build.0 = Debug|Any CPU
		{F4C44236-EFE1-49AE-9E95-B894EB0FBEE2}.Release|Any CPU.ActiveCfg = Release|Any CPU
		{F4C44236-EFE1-49AE-9E95-B894EB0FBEE2}.Release|Any CPU.Build.0 = Release|Any CPU
		{3FEF720E-4A9A-4DF1-85E1-A9957F157A15}.Debug|Any CPU.ActiveCfg = Debug|Any CPU
		{3FEF720E-4A9A-4DF1-85E1-A9957F157A15}.Debug|Any CPU.Build.0 = Debug|Any CPU
		{3FEF720E-4A9A-4DF1-85E1-A9957F157A15}.Release|Any CPU.ActiveCfg = Release|Any CPU
		{3FEF720E-4A9A-4DF1-85E1-A9957F157A15}.Release|Any CPU.Build.0 = Release|Any CPU
	EndGlobalSection
	GlobalSection(SolutionProperties) = preSolution
		HideSolutionNode = FALSE
	EndGlobalSection
	GlobalSection(ExtensibilityGlobals) = postSolution
		SolutionGuid = {48387049-2378-43D1-BB45-8D509ECAF7B9}
	EndGlobalSection
EndGlobal
